
Microsoft Visual Studio Solution File, Format Version 12.00
# Visual Studio Version 16
VisualStudioVersion = 16.0.30517.126
MinimumVisualStudioVersion = 10.0.40219.1
Project("{FAE04EC0-301F-11D3-BF4B-00C04F79EFBC}") = "api-shop-ban-thuoc-btl-cnltth-2020", "api-shop-ban-thuoc-btl-cnltth-2020\api-shop-ban-thuoc-btl-cnltth-2020.csproj", "{9ED9B0E0-F4A0-4D4A-9E93-9BCFD9CBDB2D}"
EndProject
Global
	GlobalSection(SolutionConfigurationPlatforms) = preSolution
		Debug|Any CPU = Debug|Any CPU
		Release|Any CPU = Release|Any CPU
	EndGlobalSection
	GlobalSection(ProjectConfigurationPlatforms) = postSolution
		{9ED9B0E0-F4A0-4D4A-9E93-9BCFD9CBDB2D}.Debug|Any CPU.ActiveCfg = Debug|Any CPU
		{9ED9B0E0-F4A0-4D4A-9E93-9BCFD9CBDB2D}.Debug|Any CPU.Build.0 = Debug|Any CPU
		{9ED9B0E0-F4A0-4D4A-9E93-9BCFD9CBDB2D}.Release|Any CPU.ActiveCfg = Release|Any CPU
		{9ED9B0E0-F4A0-4D4A-9E93-9BCFD9CBDB2D}.Release|Any CPU.Build.0 = Release|Any CPU
	EndGlobalSection
	GlobalSection(SolutionProperties) = preSolution
		HideSolutionNode = FALSE
	EndGlobalSection
	GlobalSection(ExtensibilityGlobals) = postSolution
		SolutionGuid = {AF73D83C-1EC6-49DD-9537-8415AF703037}
	EndGlobalSection
EndGlobal
